{
  "name": "blogsite",
  "lockfileVersion": 3,
  "requires": true,
  "packages": {
    "": {
      "dependencies": {
        "@ckeditor/ckeditor5-build-classic": "^41.3.1"
      }
    },
    "node_modules/@ckeditor/ckeditor5-adapter-ckfinder": {
      "version": "41.3.1",
      "resolved": "https://registry.npmjs.org/@ckeditor/ckeditor5-adapter-ckfinder/-/ckeditor5-adapter-ckfinder-41.3.1.tgz",
      "integrity": "sha512-7KvvYRxK6w0qn/KW54pXJMC/aNVQdqMcaEKcAZ2GbqcKr9TNoi23JYXsRmCg9WTc/XQPSMZx7a1m4pkw5/wx0Q==",
      "dependencies": {
        "ckeditor5": "41.3.1"
      }
    },
    "node_modules/@ckeditor/ckeditor5-autoformat": {
      "version": "41.3.1",
      "resolved": "https://registry.npmjs.org/@ckeditor/ckeditor5-autoformat/-/ckeditor5-autoformat-41.3.1.tgz",
      "integrity": "sha512-0QklAfIeUxo/gfuGT9rC0WhDuqTbpcfvinkJOH7fcqcu81TB4WqLjI1qfXL9In6uih8c39te2x74yZZ+f/M4iQ==",
      "dependencies": {
        "ckeditor5": "41.3.1"
      }
    },
    "node_modules/@ckeditor/ckeditor5-basic-styles": {
      "version": "41.3.1",
      "resolved": "https://registry.npmjs.org/@ckeditor/ckeditor5-basic-styles/-/ckeditor5-basic-styles-41.3.1.tgz",
      "integrity": "sha512-vr0UR5JdQtHUhXFVF+7yebaQ/iEugmXIH2eC+pC5BNJuBwuFt1Hxt6U6qRh7f7ve4UFBky3MZ84lGuGsheirCA==",
      "dependencies": {
        "ckeditor5": "41.3.1"
      }
    },
    "node_modules/@ckeditor/ckeditor5-block-quote": {
      "version": "41.3.1",
      "resolved": "https://registry.npmjs.org/@ckeditor/ckeditor5-block-quote/-/ckeditor5-block-quote-41.3.1.tgz",
      "integrity": "sha512-iRm6MthhcyRbUpPxjjXhLuZpNGGNnUqp8RurN8rSzX3KcBXKHm/vfxOugk06ebF2FFbP0u5aiL3K7fIniuo2pQ==",
      "dependencies": {
        "ckeditor5": "41.3.1"
      }
    },
    "node_modules/@ckeditor/ckeditor5-build-classic": {
      "version": "41.3.1",
      "resolved": "https://registry.npmjs.org/@ckeditor/ckeditor5-build-classic/-/ckeditor5-build-classic-41.3.1.tgz",
      "integrity": "sha512-eeaED7PBenWwEXJsi8cjgafNSeBUAJ2ZqgiQOjaOeugT6yJACSif32TG0OGW4bq/W4PporsCiRaq6wscq4DZig==",
      "dependencies": {
        "@ckeditor/ckeditor5-adapter-ckfinder": "41.3.1",
        "@ckeditor/ckeditor5-autoformat": "41.3.1",
        "@ckeditor/ckeditor5-basic-styles": "41.3.1",
        "@ckeditor/ckeditor5-block-quote": "41.3.1",
        "@ckeditor/ckeditor5-ckbox": "41.3.1",
        "@ckeditor/ckeditor5-ckfinder": "41.3.1",
        "@ckeditor/ckeditor5-cloud-services": "41.3.1",
        "@ckeditor/ckeditor5-easy-image": "41.3.1",
        "@ckeditor/ckeditor5-editor-classic": "41.3.1",
        "@ckeditor/ckeditor5-essentials": "41.3.1",
        "@ckeditor/ckeditor5-heading": "41.3.1",
        "@ckeditor/ckeditor5-image": "41.3.1",
        "@ckeditor/ckeditor5-indent": "41.3.1",
        "@ckeditor/ckeditor5-link": "41.3.1",
        "@ckeditor/ckeditor5-list": "41.3.1",
        "@ckeditor/ckeditor5-media-embed": "41.3.1",
        "@ckeditor/ckeditor5-paragraph": "41.3.1",
        "@ckeditor/ckeditor5-paste-from-office": "41.3.1",
        "@ckeditor/ckeditor5-table": "41.3.1",
        "@ckeditor/ckeditor5-typing": "41.3.1"
      }
    },
    "node_modules/@ckeditor/ckeditor5-ckbox": {
      "version": "41.3.1",
      "resolved": "https://registry.npmjs.org/@ckeditor/ckeditor5-ckbox/-/ckeditor5-ckbox-41.3.1.tgz",
      "integrity": "sha512-TwAbnnJmvAje5UvnZkAmH4MxxrFJwDF4pROjY9hrFb7eSnGSnXEnESiXOit8scHQZUzu1oEopIP5550lRkHZ0w==",
      "dependencies": {
        "blurhash": "2.0.5",
        "ckeditor5": "41.3.1",
        "lodash-es": "4.17.21"
      }
    },
    "node_modules/@ckeditor/ckeditor5-ckfinder": {
      "version": "41.3.1",
      "resolved": "https://registry.npmjs.org/@ckeditor/ckeditor5-ckfinder/-/ckeditor5-ckfinder-41.3.1.tgz",
      "integrity": "sha512-jMS8zhONHiPtrx9IlGGiFs1VrNOShLGtr1mvzaFEkVOK9aJquop+4EZX1x12FYm0cjzUawjFH5RLS6xBGXFvAg==",
      "dependencies": {
        "ckeditor5": "41.3.1"
      }
    },
    "node_modules/@ckeditor/ckeditor5-clipboard": {
      "version": "41.3.1",
      "resolved": "https://registry.npmjs.org/@ckeditor/ckeditor5-clipboard/-/ckeditor5-clipboard-41.3.1.tgz",
      "integrity": "sha512-6S7tq6FlnHYZmPACeqdf135Jx2bTKHVY8mHQ+CHC8ZZu0XVm62vVeeSLS2IcdtYmHjf4ced1G7suTUBHlfBCLw==",
      "dependencies": {
        "@ckeditor/ckeditor5-core": "41.3.1",
        "@ckeditor/ckeditor5-engine": "41.3.1",
        "@ckeditor/ckeditor5-ui": "41.3.1",
        "@ckeditor/ckeditor5-utils": "41.3.1",
        "@ckeditor/ckeditor5-widget": "41.3.1",
        "lodash-es": "4.17.21"
      }
    },
    "node_modules/@ckeditor/ckeditor5-cloud-services": {
      "version": "41.3.1",
      "resolved": "https://registry.npmjs.org/@ckeditor/ckeditor5-cloud-services/-/ckeditor5-cloud-services-41.3.1.tgz",
      "integrity": "sha512-24JLTt0d2cKkY7rtl2bKxI7MYZjlwqBLoTgePwBC1EtgRJ/2gd1CM1bMwiKJPgJ34NnLtnV8R/W0yuz5RQjJsA==",
      "dependencies": {
        "ckeditor5": "41.3.1"
      }
    },
    "node_modules/@ckeditor/ckeditor5-core": {
      "version": "41.3.1",
      "resolved": "https://registry.npmjs.org/@ckeditor/ckeditor5-core/-/ckeditor5-core-41.3.1.tgz",
      "integrity": "sha512-h+PgPtCpS2vjO3HbKMYtddRPW+B3AJx9qpixmHJnUZMiFCmRjUZjXATjpi3j+kSQISs4L2Yghq+lsAQxyGHb+A==",
      "dependencies": {
        "@ckeditor/ckeditor5-engine": "41.3.1",
        "@ckeditor/ckeditor5-utils": "41.3.1",
        "lodash-es": "4.17.21"
      }
    },
    "node_modules/@ckeditor/ckeditor5-easy-image": {
      "version": "41.3.1",
      "resolved": "https://registry.npmjs.org/@ckeditor/ckeditor5-easy-image/-/ckeditor5-easy-image-41.3.1.tgz",
      "integrity": "sha512-M/9f3Y35hRC/lbNRMjorKTKxCLZxV4CUguA2jghHIS8WNnQUI41C0dcfkK+y/nijRWsWCfg92RiZsNn913LdiQ==",
      "dependencies": {
        "ckeditor5": "41.3.1"
      }
    },
    "node_modules/@ckeditor/ckeditor5-editor-classic": {
      "version": "41.3.1",
      "resolved": "https://registry.npmjs.org/@ckeditor/ckeditor5-editor-classic/-/ckeditor5-editor-classic-41.3.1.tgz",
      "integrity": "sha512-DBP2F0A50BpDwnbCfsz0DBp+NVW7xrXp4lH5SJHax8B58Z1uY1rw/N6Wf2O91tzo5obcUSpoj8WlzIsxDYPd+A==",
      "dependencies": {
        "ckeditor5": "41.3.1",
        "lodash-es": "4.17.21"
      }
    },
    "node_modules/@ckeditor/ckeditor5-engine": {
      "version": "41.3.1",
      "resolved": "https://registry.npmjs.org/@ckeditor/ckeditor5-engine/-/ckeditor5-engine-41.3.1.tgz",
      "integrity": "sha512-Me4cnkCrknDH50db/jPczuhgzaxUhHbkh2gv8N8Ypken9ZnOPvMD9W1gCFFTLaxikpPmBQwk3u1BSjOKk3r6kw==",
      "dependencies": {
        "@ckeditor/ckeditor5-utils": "41.3.1",
        "lodash-es": "4.17.21"
      }
    },
    "node_modules/@ckeditor/ckeditor5-enter": {
      "version": "41.3.1",
      "resolved": "https://registry.npmjs.org/@ckeditor/ckeditor5-enter/-/ckeditor5-enter-41.3.1.tgz",
      "integrity": "sha512-iwhvJpfsutqcv/bf8QPMKhMolb7GtShaOT+UIDW3OXjMZaBKZOTyR8OceijwgBmZeillTaXQq9y2e9lbJd46xg==",
      "dependencies": {
        "@ckeditor/ckeditor5-core": "41.3.1",
        "@ckeditor/ckeditor5-engine": "41.3.1",
        "@ckeditor/ckeditor5-utils": "41.3.1"
      }
    },
    "node_modules/@ckeditor/ckeditor5-essentials": {
      "version": "41.3.1",
      "resolved": "https://registry.npmjs.org/@ckeditor/ckeditor5-essentials/-/ckeditor5-essentials-41.3.1.tgz",
      "integrity": "sha512-Tr8fIhRith4OVg5yYm8UbbRUjuj15AQ27H3AiwOzRMRr+EYCI07ni5quqBwOMlkOQQ2H9U21gS8mYKqkqU5osw==",
      "dependencies": {
        "ckeditor5": "41.3.1"
      }
    },
    "node_modules/@ckeditor/ckeditor5-heading": {
      "version": "41.3.1",
      "resolved": "https://registry.npmjs.org/@ckeditor/ckeditor5-heading/-/ckeditor5-heading-41.3.1.tgz",
      "integrity": "sha512-WFu/zYXHqJ4Q6UI/IM7/WwmXCwKFVBDhuOeYnlRY1vgmFciaVtrbJW/tECBr+2TBVR4lANvmivWMFDLpN0fW+g==",
      "dependencies": {
        "ckeditor5": "41.3.1"
      }
    },
    "node_modules/@ckeditor/ckeditor5-image": {
      "version": "41.3.1",
      "resolved": "https://registry.npmjs.org/@ckeditor/ckeditor5-image/-/ckeditor5-image-41.3.1.tgz",
      "integrity": "sha512-v8lcXET3TDP/yPKhdUCmIcukMQ6GNdTyVAjkTip5JhVKFv8bFWBp5Xn616L6T+8OeQ6DggF9QVGcskmTiGQv7g==",
      "dependencies": {
        "@ckeditor/ckeditor5-ui": "41.3.1",
        "ckeditor5": "41.3.1",
        "lodash-es": "4.17.21"
      }
    },
    "node_modules/@ckeditor/ckeditor5-indent": {
      "version": "41.3.1",
      "resolved": "https://registry.npmjs.org/@ckeditor/ckeditor5-indent/-/ckeditor5-indent-41.3.1.tgz",
      "integrity": "sha512-JYXF/Clfw+j06wt1+qo43n+y3fmVKPSaN5NXzw4a5Rce0dMaWctH53X8KP3tIuOfEzW9xPhsTUQBJI8rsc+f9g==",
      "dependencies": {
        "ckeditor5": "41.3.1"
      }
    },
    "node_modules/@ckeditor/ckeditor5-link": {
      "version": "41.3.1",
      "resolved": "https://registry.npmjs.org/@ckeditor/ckeditor5-link/-/ckeditor5-link-41.3.1.tgz",
      "integrity": "sha512-tl+vnEWUKP0cK/4g+KkQt1YujklG9aUb2NxkkF0HSo7/0m6JnKf+1LVwY1OP2702FLCJO1vdC09oY0JDXGmkfg==",
      "dependencies": {
        "@ckeditor/ckeditor5-ui": "41.3.1",
        "ckeditor5": "41.3.1",
        "lodash-es": "4.17.21"
      }
    },
    "node_modules/@ckeditor/ckeditor5-list": {
      "version": "41.3.1",
      "resolved": "https://registry.npmjs.org/@ckeditor/ckeditor5-list/-/ckeditor5-list-41.3.1.tgz",
      "integrity": "sha512-X1PDaqNnQUTlqYgTYASirJuityG25hxthrGlnEvqPZIxivbxDcefWxkBlNXvmnHOy/EUES0cEZ2H0GUr6CPz2g==",
      "dependencies": {
        "ckeditor5": "41.3.1"
      }
    },
    "node_modules/@ckeditor/ckeditor5-media-embed": {
      "version": "41.3.1",
      "resolved": "https://registry.npmjs.org/@ckeditor/ckeditor5-media-embed/-/ckeditor5-media-embed-41.3.1.tgz",
      "integrity": "sha512-3yXePmVPR2WmzeT+fj6WotMbEIJ6lYka0aUG02LxZV0oCL5LU8nF1wFIFhk77wrQVlQtjmLVtvaPcSdNIz/+pA==",
      "dependencies": {
        "@ckeditor/ckeditor5-ui": "41.3.1",
        "ckeditor5": "41.3.1"
      }
    },
    "node_modules/@ckeditor/ckeditor5-paragraph": {
      "version": "41.3.1",
      "resolved": "https://registry.npmjs.org/@ckeditor/ckeditor5-paragraph/-/ckeditor5-paragraph-41.3.1.tgz",
      "integrity": "sha512-weRPLyO/1Z8PpU9+lET4gYgJ8adDuCjYiREup81URSuS1DDQ8vb3D29xA+4Ov7lwg8BaNAMCpTBdp07GHHzv6w==",
      "dependencies": {
        "@ckeditor/ckeditor5-core": "41.3.1",
        "@ckeditor/ckeditor5-ui": "41.3.1",
        "@ckeditor/ckeditor5-utils": "41.3.1"
      }
    },
    "node_modules/@ckeditor/ckeditor5-paste-from-office": {
      "version": "41.3.1",
      "resolved": "https://registry.npmjs.org/@ckeditor/ckeditor5-paste-from-office/-/ckeditor5-paste-from-office-41.3.1.tgz",
      "integrity": "sha512-bvDNGQXIUVCiAgmIcvnOw461XWAG8lscQrJaZFXNfayJJah73zvDbOJDkv5hm/N/jYaPTsTnSv1jg5xM9XqfCw==",
      "dependencies": {
        "ckeditor5": "41.3.1"
      }
    },
    "node_modules/@ckeditor/ckeditor5-select-all": {
      "version": "41.3.1",
      "resolved": "https://registry.npmjs.org/@ckeditor/ckeditor5-select-all/-/ckeditor5-select-all-41.3.1.tgz",
      "integrity": "sha512-a/LAPO+O9fwHjQ/8s3UNtyrqQRieAnpnPw2IhLlGqOS7nxPKMR2vkb6WnG2LUdO+wYqkCzxUDpBlfVkjkQEI0w==",
      "dependencies": {
        "@ckeditor/ckeditor5-core": "41.3.1",
        "@ckeditor/ckeditor5-ui": "41.3.1",
        "@ckeditor/ckeditor5-utils": "41.3.1"
      }
    },
    "node_modules/@ckeditor/ckeditor5-table": {
      "version": "41.3.1",
      "resolved": "https://registry.npmjs.org/@ckeditor/ckeditor5-table/-/ckeditor5-table-41.3.1.tgz",
      "integrity": "sha512-Lx2xnWdeuiekXOuRERjvf1I3zhTZwK/IRna9FgTW/ldj6rBH9fVqhY+z/Y/nIpI1LgWee3R0DWZBGXgj1QNFcQ==",
      "dependencies": {
        "ckeditor5": "41.3.1",
        "lodash-es": "4.17.21"
      }
    },
    "node_modules/@ckeditor/ckeditor5-typing": {
      "version": "41.3.1",
      "resolved": "https://registry.npmjs.org/@ckeditor/ckeditor5-typing/-/ckeditor5-typing-41.3.1.tgz",
      "integrity": "sha512-4Oeafc3if6fTITOest1ILQ573fnkzE9/tn5eNm3zWnHVYR79mRCYxaha9yUlKVQiqaxZ48EVo2FjHiouXmn9+Q==",
      "dependencies": {
        "@ckeditor/ckeditor5-core": "41.3.1",
        "@ckeditor/ckeditor5-engine": "41.3.1",
        "@ckeditor/ckeditor5-utils": "41.3.1",
        "lodash-es": "4.17.21"
      }
    },
    "node_modules/@ckeditor/ckeditor5-ui": {
      "version": "41.3.1",
      "resolved": "https://registry.npmjs.org/@ckeditor/ckeditor5-ui/-/ckeditor5-ui-41.3.1.tgz",
      "integrity": "sha512-xN7OAiRp7ALKYXUp6Qe/AjkjrhyLuoz9nxq7Jdsnsyb/XXfsXDloMcOuvNRoUgr4gIFHMOoZZxsIn8qegBvcYA==",
      "dependencies": {
        "@ckeditor/ckeditor5-core": "41.3.1",
        "@ckeditor/ckeditor5-utils": "41.3.1",
        "color-convert": "2.0.1",
        "color-parse": "1.4.2",
        "lodash-es": "4.17.21",
        "vanilla-colorful": "0.7.2"
      }
    },
    "node_modules/@ckeditor/ckeditor5-undo": {
      "version": "41.3.1",
      "resolved": "https://registry.npmjs.org/@ckeditor/ckeditor5-undo/-/ckeditor5-undo-41.3.1.tgz",
      "integrity": "sha512-PElWTnlIwuQ94mvdhuH7Mno99oocSnOWPMHi9UuWe6+zVgznQwn0f0diBZvX3l5y8hFgK6q/pQ/CCmbvvYnovA==",
      "dependencies": {
        "@ckeditor/ckeditor5-core": "41.3.1",
        "@ckeditor/ckeditor5-engine": "41.3.1",
        "@ckeditor/ckeditor5-ui": "41.3.1"
      }
    },
    "node_modules/@ckeditor/ckeditor5-upload": {
      "version": "41.3.1",
      "resolved": "https://registry.npmjs.org/@ckeditor/ckeditor5-upload/-/ckeditor5-upload-41.3.1.tgz",
      "integrity": "sha512-ugTgGEgA9qsSl5+qptTmawdfYaONr6b3uTG4byZ76JMdf0qiniZjBF/TtGAVmBkCipcVWFoaZKteiz0fhQMHjA==",
      "dependencies": {
        "@ckeditor/ckeditor5-core": "41.3.1",
        "@ckeditor/ckeditor5-utils": "41.3.1"
      }
    },
    "node_modules/@ckeditor/ckeditor5-utils": {
      "version": "41.3.1",
      "resolved": "https://registry.npmjs.org/@ckeditor/ckeditor5-utils/-/ckeditor5-utils-41.3.1.tgz",
      "integrity": "sha512-jJu9ndn6Y7+ffBYdDCRXX7OnV9Ddgms2HSF1pmhjZN0uoL96XworuUOn8hx3Zs/KBPjJEwbtYWJMjG9aohrgaQ==",
      "dependencies": {
        "lodash-es": "4.17.21"
      }
    },
    "node_modules/@ckeditor/ckeditor5-watchdog": {
      "version": "41.3.1",
      "resolved": "https://registry.npmjs.org/@ckeditor/ckeditor5-watchdog/-/ckeditor5-watchdog-41.3.1.tgz",
      "integrity": "sha512-iDwdYxC8euSKxfRq4y5vVOX9GVUbEbC9z6glkXpxa1BogqYh39+fywjt+s4o3Ub3b8FJ/EUYuNc+/vK+CzEg4g==",
      "dependencies": {
        "lodash-es": "4.17.21"
      }
    },
    "node_modules/@ckeditor/ckeditor5-widget": {
      "version": "41.3.1",
      "resolved": "https://registry.npmjs.org/@ckeditor/ckeditor5-widget/-/ckeditor5-widget-41.3.1.tgz",
      "integrity": "sha512-rdBxGS3bxWNhp+yxyBYkcbRV6/mdTDab+konDVhZ/ME1jVZ5cf8OBZcgHUqAxzuWt4XMEdzKINbo1OnSDwApUg==",
      "dependencies": {
        "@ckeditor/ckeditor5-core": "41.3.1",
        "@ckeditor/ckeditor5-engine": "41.3.1",
        "@ckeditor/ckeditor5-enter": "41.3.1",
        "@ckeditor/ckeditor5-typing": "41.3.1",
        "@ckeditor/ckeditor5-ui": "41.3.1",
        "@ckeditor/ckeditor5-utils": "41.3.1",
        "lodash-es": "4.17.21"
      }
    },
    "node_modules/blurhash": {
      "version": "2.0.5",
      "resolved": "https://registry.npmjs.org/blurhash/-/blurhash-2.0.5.tgz",
      "integrity": "sha512-cRygWd7kGBQO3VEhPiTgq4Wc43ctsM+o46urrmPOiuAe+07fzlSB9OJVdpgDL0jPqXUVQ9ht7aq7kxOeJHRK+w=="
    },
    "node_modules/ckeditor5": {
      "version": "41.3.1",
      "resolved": "https://registry.npmjs.org/ckeditor5/-/ckeditor5-41.3.1.tgz",
      "integrity": "sha512-pBK1YZV9Sy4R53XG70TEeLFOvTFC7tg8AmS6d6zizegtwkH8seblkcERkykcNuvmfzZ/2h9JbafJ4kisZOwiUQ==",
      "dependencies": {
        "@ckeditor/ckeditor5-clipboard": "41.3.1",
        "@ckeditor/ckeditor5-core": "41.3.1",
        "@ckeditor/ckeditor5-engine": "41.3.1",
        "@ckeditor/ckeditor5-enter": "41.3.1",
        "@ckeditor/ckeditor5-paragraph": "41.3.1",
        "@ckeditor/ckeditor5-select-all": "41.3.1",
        "@ckeditor/ckeditor5-typing": "41.3.1",
        "@ckeditor/ckeditor5-ui": "41.3.1",
        "@ckeditor/ckeditor5-undo": "41.3.1",
        "@ckeditor/ckeditor5-upload": "41.3.1",
        "@ckeditor/ckeditor5-utils": "41.3.1",
        "@ckeditor/ckeditor5-watchdog": "41.3.1",
        "@ckeditor/ckeditor5-widget": "41.3.1"
      }
    },
    "node_modules/color-convert": {
      "version": "2.0.1",
      "resolved": "https://registry.npmjs.org/color-convert/-/color-convert-2.0.1.tgz",
      "integrity": "sha512-RRECPsj7iu/xb5oKYcsFHSppFNnsj/52OVTRKb4zP5onXwVF3zVmmToNcOfGC+CRDpfK/U584fMg38ZHCaElKQ==",
      "dependencies": {
        "color-name": "~1.1.4"
      },
      "engines": {
        "node": ">=7.0.0"
      }
    },
    "node_modules/color-name": {
      "version": "1.1.4",
      "resolved": "https://registry.npmjs.org/color-name/-/color-name-1.1.4.tgz",
      "integrity": "sha512-dOy+3AuW3a2wNbZHIuMZpTcgjGuLU/uBL/ubcZF9OXbDo8ff4O8yVp5Bf0efS8uEoYo5q4Fx7dY9OgQGXgAsQA=="
    },
    "node_modules/color-parse": {
      "version": "1.4.2",
      "resolved": "https://registry.npmjs.org/color-parse/-/color-parse-1.4.2.tgz",
      "integrity": "sha512-RI7s49/8yqDj3fECFZjUI1Yi0z/Gq1py43oNJivAIIDSyJiOZLfYCRQEgn8HEVAj++PcRe8AnL2XF0fRJ3BTnA==",
      "dependencies": {
        "color-name": "^1.0.0"
      }
    },
    "node_modules/lodash-es": {
      "version": "4.17.21",
      "resolved": "https://registry.npmjs.org/lodash-es/-/lodash-es-4.17.21.tgz",
      "integrity": "sha512-mKnC+QJ9pWVzv+C4/U3rRsHapFfHvQFoFB92e52xeyGMcX6/OlIl78je1u8vePzYZSkkogMPJ2yjxxsb89cxyw=="
    },
    "node_modules/vanilla-colorful": {
      "version": "0.7.2",
      "resolved": "https://registry.npmjs.org/vanilla-colorful/-/vanilla-colorful-0.7.2.tgz",
      "integrity": "sha512-z2YZusTFC6KnLERx1cgoIRX2CjPRP0W75N+3CC6gbvdX5Ch47rZkEMGO2Xnf+IEmi3RiFLxS18gayMA27iU7Kg=="
    }
  }
}
